
Microsoft Visual Studio Solution File, Format Version 12.00
Project("{FAE04EC0-301F-11D3-BF4B-00C04F79EFBC}") = "EfCoreExample", "EfCoreExample\EfCoreExample.csproj", "{2CD72CB4-DCFA-4B64-9CD6-61F54672C21B}"
EndProject
Project("{FAE04EC0-301F-11D3-BF4B-00C04F79EFBC}") = "EfCoreExample_DataAccess", "EfCoreExample_DataAccess\EfCoreExample_DataAccess.csproj", "{CABD9607-01B9-4717-A402-4FBCEFB7C112}"
EndProject
Global
	GlobalSection(SolutionConfigurationPlatforms) = preSolution
		Debug|Any CPU = Debug|Any CPU
		Release|Any CPU = Release|Any CPU
	EndGlobalSection
	GlobalSection(ProjectConfigurationPlatforms) = postSolution
		{2CD72CB4-DCFA-4B64-9CD6-61F54672C21B}.Debug|Any CPU.ActiveCfg = Debug|Any CPU
		{2CD72CB4-DCFA-4B64-9CD6-61F54672C21B}.Debug|Any CPU.Build.0 = Debug|Any CPU
		{2CD72CB4-DCFA-4B64-9CD6-61F54672C21B}.Release|Any CPU.ActiveCfg = Release|Any CPU
		{2CD72CB4-DCFA-4B64-9CD6-61F54672C21B}.Release|Any CPU.Build.0 = Release|Any CPU
		{CABD9607-01B9-4717-A402-4FBCEFB7C112}.Debug|Any CPU.ActiveCfg = Debug|Any CPU
		{CABD9607-01B9-4717-A402-4FBCEFB7C112}.Debug|Any CPU.Build.0 = Debug|Any CPU
		{CABD9607-01B9-4717-A402-4FBCEFB7C112}.Release|Any CPU.ActiveCfg = Release|Any CPU
		{CABD9607-01B9-4717-A402-4FBCEFB7C112}.Release|Any CPU.Build.0 = Release|Any CPU
	EndGlobalSection
EndGlobal
